
Microsoft Visual Studio Solution File, Format Version 12.00
# Visual Studio 2013
VisualStudioVersion = 12.0.21005.1
MinimumVisualStudioVersion = 10.0.40219.1
Project("{FAE04EC0-301F-11D3-BF4B-00C04F79EFBC}") = "View", "View\View.csproj", "{F664AEA3-5A48-4817-8FE0-1B9D97BD5BE0}"
EndProject
Project("{FAE04EC0-301F-11D3-BF4B-00C04F79EFBC}") = "Model", "Model\Model.csproj", "{7AB59E14-98A8-4B2E-A7A8-A011E9B649C9}"
EndProject
Project("{FAE04EC0-301F-11D3-BF4B-00C04F79EFBC}") = "ViewModel", "ViewModel\ViewModel.csproj", "{52C759A1-55ED-448D-8951-FECDAC662ACC}"
EndProject
Global
	GlobalSection(SolutionConfigurationPlatforms) = preSolution
		Debug|Any CPU = Debug|Any CPU
		Release|Any CPU = Release|Any CPU
	EndGlobalSection
	GlobalSection(ProjectConfigurationPlatforms) = postSolution
		{F664AEA3-5A48-4817-8FE0-1B9D97BD5BE0}.Debug|Any CPU.ActiveCfg = Debug|Any CPU
		{F664AEA3-5A48-4817-8FE0-1B9D97BD5BE0}.Debug|Any CPU.Build.0 = Debug|Any CPU
		{F664AEA3-5A48-4817-8FE0-1B9D97BD5BE0}.Release|Any CPU.ActiveCfg = Release|Any CPU
		{F664AEA3-5A48-4817-8FE0-1B9D97BD5BE0}.Release|Any CPU.Build.0 = Release|Any CPU
		{7AB59E14-98A8-4B2E-A7A8-A011E9B649C9}.Debug|Any CPU.ActiveCfg = Debug|Any CPU
		{7AB59E14-98A8-4B2E-A7A8-A011E9B649C9}.Debug|Any CPU.Build.0 = Debug|Any CPU
		{7AB59E14-98A8-4B2E-A7A8-A011E9B649C9}.Release|Any CPU.ActiveCfg = Release|Any CPU
		{7AB59E14-98A8-4B2E-A7A8-A011E9B649C9}.Release|Any CPU.Build.0 = Release|Any CPU
		{52C759A1-55ED-448D-8951-FECDAC662ACC}.Debug|Any CPU.ActiveCfg = Debug|Any CPU
		{52C759A1-55ED-448D-8951-FECDAC662ACC}.Debug|Any CPU.Build.0 = Debug|Any CPU
		{52C759A1-55ED-448D-8951-FECDAC662ACC}.Release|Any CPU.ActiveCfg = Release|Any CPU
		{52C759A1-55ED-448D-8951-FECDAC662ACC}.Release|Any CPU.Build.0 = Release|Any CPU
	EndGlobalSection
	GlobalSection(SolutionProperties) = preSolution
		HideSolutionNode = FALSE
	EndGlobalSection
EndGlobal
